{
  "name": "@vorprog/styles",
  "version": "1.0.0",
  "lockfileVersion": 1,
  "requires": true,
  "dependencies": {
    "aphrodite": {
      "version": "2.4.0",
      "resolved": "https://registry.npmjs.org/aphrodite/-/aphrodite-2.4.0.tgz",
      "integrity": "sha512-1rVRlLco+j1YAT5aKEE8Wuw5zWV+tI41/quEheJAG0vNaGHE64iJ/a2SiVMz8Uc80VdP2/Hjlfd2bPJOWsqJuQ==",
      "requires": {
        "asap": "^2.0.3",
        "inline-style-prefixer": "^5.1.0",
        "string-hash": "^1.1.3"
      }
    },
    "asap": {
      "version": "2.0.6",
      "resolved": "https://registry.npmjs.org/asap/-/asap-2.0.6.tgz",
      "integrity": "sha1-5QNHYR1+aQlDIIu9r+vLwvuGbUY="
    },
    "css-in-js-utils": {
      "version": "2.0.1",
      "resolved": "https://registry.npmjs.org/css-in-js-utils/-/css-in-js-utils-2.0.1.tgz",
      "integrity": "sha512-PJF0SpJT+WdbVVt0AOYp9C8GnuruRlL/UFW7932nLWmFLQTaWEzTBQEx7/hn4BuV+WON75iAViSUJLiU3PKbpA==",
      "requires": {
        "hyphenate-style-name": "^1.0.2",
        "isobject": "^3.0.1"
      }
    },
    "hyphenate-style-name": {
      "version": "1.0.3",
      "resolved": "https://registry.npmjs.org/hyphenate-style-name/-/hyphenate-style-name-1.0.3.tgz",
      "integrity": "sha512-EcuixamT82oplpoJ2XU4pDtKGWQ7b00CD9f1ug9IaQ3p1bkHMiKCZ9ut9QDI6qsa6cpUuB+A/I+zLtdNK4n2DQ=="
    },
    "inline-style-prefixer": {
      "version": "5.1.0",
      "resolved": "https://registry.npmjs.org/inline-style-prefixer/-/inline-style-prefixer-5.1.0.tgz",
      "integrity": "sha512-giteQHPMrApQOSjNSjteO5ZGSGMRf9gas14fRy2lg2buSc1nRnj6o6xuNds5cMTKrkncyrTu3gJn/yflFMVdmg==",
      "requires": {
        "css-in-js-utils": "^2.0.0"
      }
    },
    "isobject": {
      "version": "3.0.1",
      "resolved": "https://registry.npmjs.org/isobject/-/isobject-3.0.1.tgz",
      "integrity": "sha1-TkMekrEalzFjaqH5yNHMvP2reN8="
    },
    "lodash.mapvalues": {
      "version": "4.6.0",
      "resolved": "https://registry.npmjs.org/lodash.mapvalues/-/lodash.mapvalues-4.6.0.tgz",
      "integrity": "sha1-G6+lAF3p3W9PJmaMMMo3IwzJaJw="
    },
    "string-hash": {
      "version": "1.1.3",
      "resolved": "https://registry.npmjs.org/string-hash/-/string-hash-1.1.3.tgz",
      "integrity": "sha1-6Kr8CsGFW0Zmkp7X3RJ1311sgRs="
    }
  }
}
